
Microsoft Visual Studio Solution File, Format Version 12.00
# Visual Studio Version 17
VisualStudioVersion = 17.4.33103.184
MinimumVisualStudioVersion = 10.0.40219.1
Project("{FAE04EC0-301F-11D3-BF4B-00C04F79EFBC}") = "FacetedBuilderDemo", "FacetedBuilderDemo.csproj", "{E146F4A2-D821-4DDD-B7E4-5DF8DB4F01FE}"
EndProject
Global
	GlobalSection(SolutionConfigurationPlatforms) = preSolution
		Debug|Any CPU = Debug|Any CPU
		Release|Any CPU = Release|Any CPU
	EndGlobalSection
	GlobalSection(ProjectConfigurationPlatforms) = postSolution
		{E146F4A2-D821-4DDD-B7E4-5DF8DB4F01FE}.Debug|Any CPU.ActiveCfg = Debug|Any CPU
		{E146F4A2-D821-4DDD-B7E4-5DF8DB4F01FE}.Debug|Any CPU.Build.0 = Debug|Any CPU
		{E146F4A2-D821-4DDD-B7E4-5DF8DB4F01FE}.Release|Any CPU.ActiveCfg = Release|Any CPU
		{E146F4A2-D821-4DDD-B7E4-5DF8DB4F01FE}.Release|Any CPU.Build.0 = Release|Any CPU
	EndGlobalSection
	GlobalSection(SolutionProperties) = preSolution
		HideSolutionNode = FALSE
	EndGlobalSection
	GlobalSection(ExtensibilityGlobals) = postSolution
		SolutionGuid = {84EC1F9E-B87C-4AE7-B64B-6F096821622C}
	EndGlobalSection
EndGlobal
